
Microsoft Visual Studio Solution File, Format Version 12.00
# Visual Studio Version 17
VisualStudioVersion = 17.9.34728.123
MinimumVisualStudioVersion = 10.0.40219.1
Project("{FAE04EC0-301F-11D3-BF4B-00C04F79EFBC}") = "hw1", "hw1\hw1.csproj", "{B69AB6D4-7533-4F26-98BE-D9C580858F88}"
EndProject
Global
	GlobalSection(SolutionConfigurationPlatforms) = preSolution
		Debug|Any CPU = Debug|Any CPU
		Release|Any CPU = Release|Any CPU
	EndGlobalSection
	GlobalSection(ProjectConfigurationPlatforms) = postSolution
		{B69AB6D4-7533-4F26-98BE-D9C580858F88}.Debug|Any CPU.ActiveCfg = Debug|Any CPU
		{B69AB6D4-7533-4F26-98BE-D9C580858F88}.Debug|Any CPU.Build.0 = Debug|Any CPU
		{B69AB6D4-7533-4F26-98BE-D9C580858F88}.Release|Any CPU.ActiveCfg = Release|Any CPU
		{B69AB6D4-7533-4F26-98BE-D9C580858F88}.Release|Any CPU.Build.0 = Release|Any CPU
	EndGlobalSection
	GlobalSection(SolutionProperties) = preSolution
		HideSolutionNode = FALSE
	EndGlobalSection
	GlobalSection(ExtensibilityGlobals) = postSolution
		SolutionGuid = {AC49609B-D351-494E-912C-44F887E6AC8E}
	EndGlobalSection
EndGlobal
